Microsoft Visual Studio Solution File, Format Version 12.00
# Visual Studio 15
VisualStudioVersion = 15.0.27703.2047
MinimumVisualStudioVersion = 10.0.40219.1
Project("{D954291E-2A0B-460D-934E-DC6B0785DB48}") = "NSBETW.Shared", "NSBETW.Shared\NSBETW.Shared.shproj", "{03075653-3F3A-4B59-9636-5D7110A72E40}"
EndProject
Project("{FAE04EC0-301F-11D3-BF4B-00C04F79EFBC}") = "NSBETW.Net45", "NSBETW.Net45\NSBETW.Net45.csproj", "{CE048363-EA67-4695-BE18-306D7C77F5CE}"
EndProject
Project("{FAE04EC0-301F-11D3-BF4B-00C04F79EFBC}") = "NSBETW.Net46", "NSBETW.Net46\NSBETW.Net46.csproj", "{9FA52C4C-A1FD-4C03-B70E-DEE29468110A}"
EndProject
Project("{2150E333-8FDC-42A3-9474-1A3956D46DE8}") = "Tests", "Tests", "{C6DD044F-3CDB-4439-9B9D-2F1CE66503C9}"
EndProject
Project("{2150E333-8FDC-42A3-9474-1A3956D46DE8}") = "Examples", "Examples", "{1DEDE4AB-38FB-4903-BCF1-35448A286786}"
EndProject
Project("{FAE04EC0-301F-11D3-BF4B-00C04F79EFBC}") = "CustomEventLog.Net45", "Examples\CustomEventLog.Net45\CustomEventLog.Net45.csproj", "{BCA0E4EB-6806-4611-A36B-C2555ADD92C9}"
EndProject
Project("{FAE04EC0-301F-11D3-BF4B-00C04F79EFBC}") = "CustomEventLog.Net46", "Examples\CustomEventLog.Net46\CustomEventLog.Net46.csproj", "{6BD38EFE-A886-4FEE-B311-34894F5CED98}"
EndProject
Project("{D954291E-2A0B-460D-934E-DC6B0785DB48}") = "Examples.Shared", "Examples\Examples.Shared\Examples.Shared.shproj", "{B061790A-ED66-4444-AADA-879A586455C4}"
EndProject
Project("{FAE04EC0-301F-11D3-BF4B-00C04F79EFBC}") = "NSBETW.UnitTests.Net45", "Tests\NSBETW.UnitTests.Net45\NSBETW.UnitTests.Net45.csproj", "{AC4EB268-1989-4322-BA09-12E8CDF78D67}"
EndProject
Project("{FAE04EC0-301F-11D3-BF4B-00C04F79EFBC}") = "NSBETW.UnitTests.Net46", "Tests\NSBETW.UnitTests.Net46\NSBETW.UnitTests.Net46.csproj", "{AB7A2BDB-523D-4AB3-AB6A-5E9A28391C45}"
EndProject
Project("{D954291E-2A0B-460D-934E-DC6B0785DB48}") = "NSBETW.UnitTests.Shared", "Tests\NSBETW.UnitTests.Shared\NSBETW.UnitTests.Shared.shproj", "{D8E0D1BB-7B4F-4BF9-83C4-B1F33063888D}"
EndProject
Project("{FAE04EC0-301F-11D3-BF4B-00C04F79EFBC}") = "NSBETW.NetStd20", "NSBETW.NetStd20\NSBETW.NetStd20.csproj", "{6A21917E-E6AD-4657-96DE-3ED4F8BDD059}"
EndProject
Global
	GlobalSection(SharedMSBuildProjectFiles) = preSolution
		NSBETW.Shared\NSBETW.Shared.projitems*{03075653-3f3a-4b59-9636-5d7110a72e40}*SharedItemsImports = 13
		Examples\Examples.Shared\Examples.Shared.projitems*{6bd38efe-a886-4fee-b311-34894f5ced98}*SharedItemsImports = 4
		NSBETW.Shared\NSBETW.Shared.projitems*{9fa52c4c-a1fd-4c03-b70e-dee29468110a}*SharedItemsImports = 4
		Tests\NSBETW.UnitTests.Shared\NSBETW.UnitTests.Shared.projitems*{ab7a2bdb-523d-4ab3-ab6a-5e9a28391c45}*SharedItemsImports = 4
		Tests\NSBETW.UnitTests.Shared\NSBETW.UnitTests.Shared.projitems*{ac4eb268-1989-4322-ba09-12e8cdf78d67}*SharedItemsImports = 4
		Examples\Examples.Shared\Examples.Shared.projitems*{b061790a-ed66-4444-aada-879a586455c4}*SharedItemsImports = 13
		Examples\Examples.Shared\Examples.Shared.projitems*{bca0e4eb-6806-4611-a36b-c2555add92c9}*SharedItemsImports = 4
		NSBETW.Shared\NSBETW.Shared.projitems*{ce048363-ea67-4695-be18-306d7c77f5ce}*SharedItemsImports = 4
		Tests\NSBETW.UnitTests.Shared\NSBETW.UnitTests.Shared.projitems*{d8e0d1bb-7b4f-4bf9-83c4-b1f33063888d}*SharedItemsImports = 13
	EndGlobalSection
	GlobalSection(SolutionConfigurationPlatforms) = preSolution
		Debug|Any CPU = Debug|Any CPU
		Release|Any CPU = Release|Any CPU
	EndGlobalSection
	GlobalSection(ProjectConfigurationPlatforms) = postSolution
		{CE048363-EA67-4695-BE18-306D7C77F5CE}.Debug|Any CPU.ActiveCfg = Debug|Any CPU
		{CE048363-EA67-4695-BE18-306D7C77F5CE}.Debug|Any CPU.Build.0 = Debug|Any CPU
		{CE048363-EA67-4695-BE18-306D7C77F5CE}.Release|Any CPU.ActiveCfg = Release|Any CPU
		{CE048363-EA67-4695-BE18-306D7C77F5CE}.Release|Any CPU.Build.0 = Release|Any CPU
		{9FA52C4C-A1FD-4C03-B70E-DEE29468110A}.Debug|Any CPU.ActiveCfg = Debug|Any CPU
		{9FA52C4C-A1FD-4C03-B70E-DEE29468110A}.Debug|Any CPU.Build.0 = Debug|Any CPU
		{9FA52C4C-A1FD-4C03-B70E-DEE29468110A}.Release|Any CPU.ActiveCfg = Release|Any CPU
		{9FA52C4C-A1FD-4C03-B70E-DEE29468110A}.Release|Any CPU.Build.0 = Release|Any CPU
		{BCA0E4EB-6806-4611-A36B-C2555ADD92C9}.Debug|Any CPU.ActiveCfg = Debug|Any CPU
		{BCA0E4EB-6806-4611-A36B-C2555ADD92C9}.Debug|Any CPU.Build.0 = Debug|Any CPU
		{BCA0E4EB-6806-4611-A36B-C2555ADD92C9}.Release|Any CPU.ActiveCfg = Release|Any CPU
		{6BD38EFE-A886-4FEE-B311-34894F5CED98}.Debug|Any CPU.ActiveCfg = Debug|Any CPU
		{6BD38EFE-A886-4FEE-B311-34894F5CED98}.Debug|Any CPU.Build.0 = Debug|Any CPU
		{6BD38EFE-A886-4FEE-B311-34894F5CED98}.Release|Any CPU.ActiveCfg = Release|Any CPU
		{AC4EB268-1989-4322-BA09-12E8CDF78D67}.Debug|Any CPU.ActiveCfg = Debug|Any CPU
		{AC4EB268-1989-4322-BA09-12E8CDF78D67}.Debug|Any CPU.Build.0 = Debug|Any CPU
		{AC4EB268-1989-4322-BA09-12E8CDF78D67}.Release|Any CPU.ActiveCfg = Release|Any CPU
		{AC4EB268-1989-4322-BA09-12E8CDF78D67}.Release|Any CPU.Build.0 = Release|Any CPU
		{AB7A2BDB-523D-4AB3-AB6A-5E9A28391C45}.Debug|Any CPU.ActiveCfg = Debug|Any CPU
		{AB7A2BDB-523D-4AB3-AB6A-5E9A28391C45}.Debug|Any CPU.Build.0 = Debug|Any CPU
		{AB7A2BDB-523D-4AB3-AB6A-5E9A28391C45}.Release|Any CPU.ActiveCfg = Release|Any CPU
		{AB7A2BDB-523D-4AB3-AB6A-5E9A28391C45}.Release|Any CPU.Build.0 = Release|Any CPU
		{6A21917E-E6AD-4657-96DE-3ED4F8BDD059}.Debug|Any CPU.ActiveCfg = Debug|Any CPU
		{6A21917E-E6AD-4657-96DE-3ED4F8BDD059}.Debug|Any CPU.Build.0 = Debug|Any CPU
		{6A21917E-E6AD-4657-96DE-3ED4F8BDD059}.Release|Any CPU.ActiveCfg = Release|Any CPU
		{6A21917E-E6AD-4657-96DE-3ED4F8BDD059}.Release|Any CPU.Build.0 = Release|Any CPU
	EndGlobalSection
	GlobalSection(SolutionProperties) = preSolution
		HideSolutionNode = FALSE
	EndGlobalSection
	GlobalSection(NestedProjects) = preSolution
		{BCA0E4EB-6806-4611-A36B-C2555ADD92C9} = {1DEDE4AB-38FB-4903-BCF1-35448A286786}
		{6BD38EFE-A886-4FEE-B311-34894F5CED98} = {1DEDE4AB-38FB-4903-BCF1-35448A286786}
		{B061790A-ED66-4444-AADA-879A586455C4} = {1DEDE4AB-38FB-4903-BCF1-35448A286786}
		{AC4EB268-1989-4322-BA09-12E8CDF78D67} = {C6DD044F-3CDB-4439-9B9D-2F1CE66503C9}
		{AB7A2BDB-523D-4AB3-AB6A-5E9A28391C45} = {C6DD044F-3CDB-4439-9B9D-2F1CE66503C9}
		{D8E0D1BB-7B4F-4BF9-83C4-B1F33063888D} = {C6DD044F-3CDB-4439-9B9D-2F1CE66503C9}
	EndGlobalSection
	GlobalSection(ExtensibilityGlobals) = postSolution
		SolutionGuid = {1F4CD01C-ADC6-4712-94B0-CE451075F698}
	EndGlobalSection
EndGlobal
